
Microsoft Visual Studio Solution File, Format Version 12.00
# Visual Studio Version 16
VisualStudioVersion = 16.0.31515.178
MinimumVisualStudioVersion = 10.0.40219.1
Project("{9A19103F-16F7-4668-BE54-9A1E7A4F7556}") = "TrainBookingPlatform.DAL", "TrainBookingPlatform.DAL\TrainBookingPlatform.DAL.csproj", "{14287DF4-806E-45E5-8B3D-449A2A5313AD}"
EndProject
Project("{FAE04EC0-301F-11D3-BF4B-00C04F79EFBC}") = "TrainBookingPlatform.TL", "TrainBookingPlatform.TL\TrainBookingPlatform.TL.csproj", "{0E1963AC-3B26-482E-8FA8-4B1E1C4D4076}"
EndProject
Project("{FAE04EC0-301F-11D3-BF4B-00C04F79EFBC}") = "TrainBookingPlatform.API", "TrainBookingPlatform.API\TrainBookingPlatform.API.csproj", "{E2340683-6800-433F-A4F8-E51714032D0B}"
EndProject
Global
	GlobalSection(SolutionConfigurationPlatforms) = preSolution
		Debug|Any CPU = Debug|Any CPU
		Release|Any CPU = Release|Any CPU
	EndGlobalSection
	GlobalSection(ProjectConfigurationPlatforms) = postSolution
		{14287DF4-806E-45E5-8B3D-449A2A5313AD}.Debug|Any CPU.ActiveCfg = Debug|Any CPU
		{14287DF4-806E-45E5-8B3D-449A2A5313AD}.Debug|Any CPU.Build.0 = Debug|Any CPU
		{14287DF4-806E-45E5-8B3D-449A2A5313AD}.Release|Any CPU.ActiveCfg = Release|Any CPU
		{14287DF4-806E-45E5-8B3D-449A2A5313AD}.Release|Any CPU.Build.0 = Release|Any CPU
		{0E1963AC-3B26-482E-8FA8-4B1E1C4D4076}.Debug|Any CPU.ActiveCfg = Debug|Any CPU
		{0E1963AC-3B26-482E-8FA8-4B1E1C4D4076}.Debug|Any CPU.Build.0 = Debug|Any CPU
		{0E1963AC-3B26-482E-8FA8-4B1E1C4D4076}.Release|Any CPU.ActiveCfg = Release|Any CPU
		{0E1963AC-3B26-482E-8FA8-4B1E1C4D4076}.Release|Any CPU.Build.0 = Release|Any CPU
		{E2340683-6800-433F-A4F8-E51714032D0B}.Debug|Any CPU.ActiveCfg = Debug|Any CPU
		{E2340683-6800-433F-A4F8-E51714032D0B}.Debug|Any CPU.Build.0 = Debug|Any CPU
		{E2340683-6800-433F-A4F8-E51714032D0B}.Release|Any CPU.ActiveCfg = Release|Any CPU
		{E2340683-6800-433F-A4F8-E51714032D0B}.Release|Any CPU.Build.0 = Release|Any CPU
	EndGlobalSection
	GlobalSection(SolutionProperties) = preSolution
		HideSolutionNode = FALSE
	EndGlobalSection
	GlobalSection(ExtensibilityGlobals) = postSolution
		SolutionGuid = {B74CC796-8042-4152-8645-11D6BA7662BA}
	EndGlobalSection
EndGlobal
